
Microsoft Visual Studio Solution File, Format Version 12.00
# Visual Studio 15
VisualStudioVersion = 15.0.27428.2037
MinimumVisualStudioVersion = 10.0.40219.1
Project("{FAE04EC0-301F-11D3-BF4B-00C04F79EFBC}") = "Form", "Form\Form.csproj", "{E70AAA77-BF73-4A28-BC75-CB7450029A35}"
EndProject
Global
	GlobalSection(SolutionConfigurationPlatforms) = preSolution
		Debug|Any CPU = Debug|Any CPU
		Release|Any CPU = Release|Any CPU
	EndGlobalSection
	GlobalSection(ProjectConfigurationPlatforms) = postSolution
		{E70AAA77-BF73-4A28-BC75-CB7450029A35}.Debug|Any CPU.ActiveCfg = Debug|Any CPU
		{E70AAA77-BF73-4A28-BC75-CB7450029A35}.Debug|Any CPU.Build.0 = Debug|Any CPU
		{E70AAA77-BF73-4A28-BC75-CB7450029A35}.Release|Any CPU.ActiveCfg = Release|Any CPU
		{E70AAA77-BF73-4A28-BC75-CB7450029A35}.Release|Any CPU.Build.0 = Release|Any CPU
	EndGlobalSection
	GlobalSection(SolutionProperties) = preSolution
		HideSolutionNode = FALSE
	EndGlobalSection
	GlobalSection(ExtensibilityGlobals) = postSolution
		SolutionGuid = {9E8D9252-CD42-4016-B1F5-98C88B26E18E}
	EndGlobalSection
EndGlobal
